// !$*UTF8*$!
{
	archiveVersion = 1;
	classes = {
	};
	objectVersion = 50;
	objects = {

/* Begin PBXBuildFile section */
		C336747F2517F19F00CCDDDB /* UserProfileView.swift in Sources */ = {isa = PBXBuildFile; fileRef = C336747E2517F19F00CCDDDB /* UserProfileView.swift */; };
		C37EBFF12517EDF200F9D9C4 /* iWishApp.swift in Sources */ = {isa = PBXBuildFile; fileRef = C37EBFF02517EDF200F9D9C4 /* iWishApp.swift */; };
		C37EBFF32517EDF200F9D9C4 /* ContentView.swift in Sources */ = {isa = PBXBuildFile; fileRef = C37EBFF22517EDF200F9D9C4 /* ContentView.swift */; };
		C37EBFF52517EDF400F9D9C4 /* Assets.xcassets in Resources */ = {isa = PBXBuildFile; fileRef = C37EBFF42517EDF400F9D9C4 /* Assets.xcassets */; };
		C37EBFF82517EDF400F9D9C4 /* Preview Assets.xcassets in Resources */ = {isa = PBXBuildFile; fileRef = C37EBFF72517EDF400F9D9C4 /* Preview Assets.xcassets */; };
/* End PBXBuildFile section */

/* Begin PBXFileReference section */
		C336747E2517F19F00CCDDDB /* UserProfileView.swift */ = {isa = PBXFileReference; lastKnownFileType = sourcecode.swift; path = UserProfileView.swift; sourceTree = "<group>"; };
		C37EBFED2517EDF200F9D9C4 /* iWish.app */ = {isa = PBXFileReference; explicitFileType = wrapper.application; includeInIndex = 0; path = iWish.app; sourceTree = BUILT_PRODUCTS_DIR; };
		C37EBFF02517EDF200F9D9C4 /* iWishApp.swift */ = {isa = PBXFileReference; lastKnownFileType = sourcecode.swift; path = iWishApp.swift; sourceTree = "<group>"; };
		C37EBFF22517EDF200F9D9C4 /* ContentView.swift */ = {isa = PBXFileReference; lastKnownFileType = sourcecode.swift; path = ContentView.swift; sourceTree = "<group>"; };
		C37EBFF42517EDF400F9D9C4 /* Assets.xcassets */ = {isa = PBXFileReference; lastKnownFileType = folder.assetcatalog; path = Assets.xcassets; sourceTree = "<group>"; };
		C37EBFF72517EDF400F9D9C4 /* Preview Assets.xcassets */ = {isa = PBXFileReference; lastKnownFileType = folder.assetcatalog; path = "Preview Assets.xcassets"; sourceTree = "<group>"; };
		C37EBFF92517EDF400F9D9C4 /* Info.plist */ = {isa = PBXFileReference; lastKnownFileType = text.plist.xml; path = Info.plist; sourceTree = "<group>"; };
/* End PBXFileReference section */

/* Begin PBXFrameworksBuildPhase section */
		C37EBFEA2517EDF200F9D9C4 /* Frameworks */ = {
			isa = PBXFrameworksBuildPhase;
			buildActionMask = 2147483647;
			files = (
			);
			runOnlyForDeploymentPostprocessing = 0;
		};
/* End PBXFrameworksBuildPhase section */

/* Begin PBXGroup section */
		C336747D2517F18600CCDDDB /* UserProfile */ = {
			isa = PBXGroup;
			children = (
				C336747E2517F19F00CCDDDB /* UserProfileView.swift */,
			);
			name = UserProfile;
			sourceTree = "<group>";
		};
		C37EBFE42517EDF200F9D9C4 = {
			isa = PBXGroup;
			children = (
				C37EBFEF2517EDF200F9D9C4 /* iWish */,
				C37EBFEE2517EDF200F9D9C4 /* Products */,
			);
			sourceTree = "<group>";
		};
		C37EBFEE2517EDF200F9D9C4 /* Products */ = {
			isa = PBXGroup;
			children = (
				C37EBFED2517EDF200F9D9C4 /* iWish.app */,
			);
			name = Products;
			sourceTree = "<group>";
		};
		C37EBFEF2517EDF200F9D9C4 /* iWish */ = {
			isa = PBXGroup;
			children = (
				C336747D2517F18600CCDDDB /* UserProfile */,
				C37EBFF02517EDF200F9D9C4 /* iWishApp.swift */,
				C37EBFF22517EDF200F9D9C4 /* ContentView.swift */,
				C37EBFF42517EDF400F9D9C4 /* Assets.xcassets */,
				C37EBFF92517EDF400F9D9C4 /* Info.plist */,
				C37EBFF62517EDF400F9D9C4 /* Preview Content */,
			);
			path = iWish;
			sourceTree = "<group>";
		};
		C37EBFF62517EDF400F9D9C4 /* Preview Content */ = {
			isa = PBXGroup;
			children = (
				C37EBFF72517EDF400F9D9C4 /* Preview Assets.xcassets */,
			);
			path = "Preview Content";
			sourceTree = "<group>";
		};
/* End PBXGroup section */

/* Begin PBXNativeTarget section */
		C37EBFEC2517EDF200F9D9C4 /* iWish */ = {
			isa = PBXNativeTarget;
			buildConfigurationList = C37EBFFC2517EDF400F9D9C4 /* Build configuration list for PBXNativeTarget "iWish" */;
			buildPhases = (
				C37EBFE92517EDF200F9D9C4 /* Sources */,
				C37EBFEA2517EDF200F9D9C4 /* Frameworks */,
				C37EBFEB2517EDF200F9D9C4 /* Resources */,
			);
			buildRules = (
			);
			dependencies = (
			);
			name = iWish;
			productName = iWish;
			productReference = C37EBFED2517EDF200F9D9C4 /* iWish.app */;
			productType = "com.apple.product-type.application";
		};
/* End PBXNativeTarget section */

/* Begin PBXProject section */
		C37EBFE52517EDF200F9D9C4 /* Project object */ = {
			isa = PBXProject;
			attributes = {
				LastSwiftUpdateCheck = 1200;
				LastUpgradeCheck = 1200;
				TargetAttributes = {
					C37EBFEC2517EDF200F9D9C4 = {
						CreatedOnToolsVersion = 12.0;
					};
				};
			};
			buildConfigurationList = C37EBFE82517EDF200F9D9C4 /* Build configuration list for PBXProject "iWish" */;
			compatibilityVersion = "Xcode 9.3";
			developmentRegion = en;
			hasScannedForEncodings = 0;
			knownRegions = (
				en,
				Base,
			);
			mainGroup = C37EBFE42517EDF200F9D9C4;
			productRefGroup = C37EBFEE2517EDF200F9D9C4 /* Products */;
			projectDirPath = "";
			projectRoot = "";
			targets = (
				C37EBFEC2517EDF200F9D9C4 /* iWish */,
			);
		};
/* End PBXProject section */

/* Begin PBXResourcesBuildPhase section */
		C37EBFEB2517EDF200F9D9C4 /* Resources */ = {
			isa = PBXResourcesBuildPhase;
			buildActionMask = 2147483647;
			files = (
				C37EBFF82517EDF400F9D9C4 /* Preview Assets.xcassets in Resources */,
				C37EBFF52517EDF400F9D9C4 /* Assets.xcassets in Resources */,
			);
			runOnlyForDeploymentPostprocessing = 0;
		};
/* End PBXResourcesBuildPhase section */

/* Begin PBXSourcesBuildPhase section */
		C37EBFE92517EDF200F9D9C4 /* Sources */ = {
			isa = PBXSourcesBuildPhase;
			buildActionMask = 2147483647;
			files = (
				C37EBFF32517EDF200F9D9C4 /* ContentView.swift in Sources */,
				C336747F2517F19F00CCDDDB /* UserProfileView.swift in Sources */,
				C37EBFF12517EDF200F9D9C4 /* iWishApp.swift in Sources */,
			);
			runOnlyForDeploymentPostprocessing = 0;
		};
/* End PBXSourcesBuildPhase section */

/* Begin XCBuildConfiguration section */
		C37EBFFA2517EDF400F9D9C4 /* Debug */ = {
			isa = XCBuildConfiguration;
			buildSettings = {
				ALWAYS_SEARCH_USER_PATHS = NO;
				CLANG_ANALYZER_NONNULL = YES;
				CLANG_ANALYZER_NUMBER_OBJECT_CONVERSION = YES_AGGRESSIVE;
				CLANG_CXX_LANGUAGE_STANDARD = "gnu++14";
				CLANG_CXX_LIBRARY = "libc++";
				CLANG_ENABLE_MODULES = YES;
				CLANG_ENABLE_OBJC_ARC = YES;
				CLANG_ENABLE_OBJC_WEAK = YES;
				CLANG_WARN_BLOCK_CAPTURE_AUTORELEASING = YES;
				CLANG_WARN_BOOL_CONVERSION = YES;
				CLANG_WARN_COMMA = YES;
				CLANG_WARN_CONSTANT_CONVERSION = YES;
				CLANG_WARN_DEPRECATED_OBJC_IMPLEMENTATIONS = YES;
				CLANG_WARN_DIRECT_OBJC_ISA_USAGE = YES_ERROR;
				CLANG_WARN_DOCUMENTATION_COMMENTS = YES;
				CLANG_WARN_EMPTY_BODY = YES;
				CLANG_WARN_ENUM_CONVERSION = YES;
				CLANG_WARN_INFINITE_RECURSION = YES;
				CLANG_WARN_INT_CONVERSION = YES;
				CLANG_WARN_NON_LITERAL_NULL_CONVERSION = YES;
				CLANG_WARN_OBJC_IMPLICIT_RETAIN_SELF = YES;
				CLANG_WARN_OBJC_LITERAL_CONVERSION = YES;
				CLANG_WARN_OBJC_ROOT_CLASS = YES_ERROR;
				CLANG_WARN_QUOTED_INCLUDE_IN_FRAMEWORK_HEADER = YES;
				CLANG_WARN_RANGE_LOOP_ANALYSIS = YES;
				CLANG_WARN_STRICT_PROTOTYPES = YES;
				CLANG_WARN_SUSPICIOUS_MOVE = YES;
				CLANG_WARN_UNGUARDED_AVAILABILITY = YES_AGGRESSIVE;
				CLANG_WARN_UNREACHABLE_CODE = YES;
				CLANG_WARN__DUPLICATE_METHOD_MATCH = YES;
				COPY_PHASE_STRIP = NO;
				DEBUG_INFORMATION_FORMAT = dwarf;
				ENABLE_STRICT_OBJC_MSGSEND = YES;
				ENABLE_TESTABILITY = YES;
				GCC_C_LANGUAGE_STANDARD = gnu11;
				GCC_DYNAMIC_NO_PIC = NO;
				GCC_NO_COMMON_BLOCKS = YES;
				GCC_OPTIMIZATION_LEVEL = 0;
				GCC_PREPROCESSOR_DEFINITIONS = (
					"DEBUG=1",
					"$(inherited)",
				);
				GCC_WARN_64_TO_32_BIT_CONVERSION = YES;
				GCC_WARN_ABOUT_RETURN_TYPE = YES_ERROR;
				GCC_WARN_UNDECLARED_SELECTOR = YES;
				GCC_WARN_UNINITIALIZED_AUTOS = YES_AGGRESSIVE;
				GCC_WARN_UNUSED_FUNCTION = YES;
				GCC_WARN_UNUSED_VARIABLE = YES;
				IPHONEOS_DEPLOYMENT_TARGET = 14.0;
				MTL_ENABLE_DEBUG_INFO = INCLUDE_SOURCE;
				MTL_FAST_MATH = YES;
				ONLY_ACTIVE_ARCH = YES;
				SDKROOT = iphoneos;
				SWIFT_ACTIVE_COMPILATION_CONDITIONS = DEBUG;
				SWIFT_OPTIMIZATION_LEVEL = "-Onone";
			};
			name = Debug;
		};
		C37EBFFB2517EDF400F9D9C4 /* Release */ = {
			isa = XCBuildConfiguration;
			buildSettings = {
				ALWAYS_SEARCH_USER_PATHS = NO;
				CLANG_ANALYZER_NONNULL = YES;
				CLANG_ANALYZER_NUMBER_OBJECT_CONVERSION = YES_AGGRESSIVE;
				CLANG_CXX_LANGUAGE_STANDARD = "gnu++14";
				CLANG_CXX_LIBRARY = "libc++";
				CLANG_ENABLE_MODULES = YES;
				CLANG_ENABLE_OBJC_ARC = YES;
				CLANG_ENABLE_OBJC_WEAK = YES;
				CLANG_WARN_BLOCK_CAPTURE_AUTORELEASING = YES;
				CLANG_WARN_BOOL_CONVERSION = YES;
				CLANG_WARN_COMMA = YES;
				CLANG_WARN_CONSTANT_CONVERSION = YES;
				CLANG_WARN_DEPRECATED_OBJC_IMPLEMENTATIONS = YES;
				CLANG_WARN_DIRECT_OBJC_ISA_USAGE = YES_ERROR;
				CLANG_WARN_DOCUMENTATION_COMMENTS = YES;
				CLANG_WARN_EMPTY_BODY = YES;
				CLANG_WARN_ENUM_CONVERSION = YES;
				CLANG_WARN_INFINITE_RECURSION = YES;
				CLANG_WARN_INT_CONVERSION = YES;
				CLANG_WARN_NON_LITERAL_NULL_CONVERSION = YES;
				CLANG_WARN_OBJC_IMPLICIT_RETAIN_SELF = YES;
				CLANG_WARN_OBJC_LITERAL_CONVERSION = YES;
				CLANG_WARN_OBJC_ROOT_CLASS = YES_ERROR;
				CLANG_WARN_QUOTED_INCLUDE_IN_FRAMEWORK_HEADER = YES;
				CLANG_WARN_RANGE_LOOP_ANALYSIS = YES;
				CLANG_WARN_STRICT_PROTOTYPES = YES;
				CLANG_WARN_SUSPICIOUS_MOVE = YES;
				CLANG_WARN_UNGUARDED_AVAILABILITY = YES_AGGRESSIVE;
				CLANG_WARN_UNREACHABLE_CODE = YES;
				CLANG_WARN__DUPLICATE_METHOD_MATCH = YES;
				COPY_PHASE_STRIP = NO;
				DEBUG_INFORMATION_FORMAT = "dwarf-with-dsym";
				ENABLE_NS_ASSERTIONS = NO;
				ENABLE_STRICT_OBJC_MSGSEND = YES;
				GCC_C_LANGUAGE_STANDARD = gnu11;
				GCC_NO_COMMON_BLOCKS = YES;
				GCC_WARN_64_TO_32_BIT_CONVERSION = YES;
				GCC_WARN_ABOUT_RETURN_TYPE = YES_ERROR;
				GCC_WARN_UNDECLARED_SELECTOR = YES;
				GCC_WARN_UNINITIALIZED_AUTOS = YES_AGGRESSIVE;
				GCC_WARN_UNUSED_FUNCTION = YES;
				GCC_WARN_UNUSED_VARIABLE = YES;
				IPHONEOS_DEPLOYMENT_TARGET = 14.0;
				MTL_ENABLE_DEBUG_INFO = NO;
				MTL_FAST_MATH = YES;
				SDKROOT = iphoneos;
				SWIFT_COMPILATION_MODE = wholemodule;
				SWIFT_OPTIMIZATION_LEVEL = "-O";
				VALIDATE_PRODUCT = YES;
			};
			name = Release;
		};
		C37EBFFD2517EDF400F9D9C4 /* Debug */ = {
			isa = XCBuildConfiguration;
			buildSettings = {
				ASSETCATALOG_COMPILER_APPICON_NAME = AppIcon;
				ASSETCATALOG_COMPILER_GLOBAL_ACCENT_COLOR_NAME = AccentColor;
				CODE_SIGN_STYLE = Automatic;
				DEVELOPMENT_ASSET_PATHS = "\"iWish/Preview Content\"";
				ENABLE_PREVIEWS = YES;
				INFOPLIST_FILE = iWish/Info.plist;
				IPHONEOS_DEPLOYMENT_TARGET = 14.0;
				LD_RUNPATH_SEARCH_PATHS = (
					"$(inherited)",
					"@executable_path/Frameworks",
				);
				PRODUCT_BUNDLE_IDENTIFIER = io.iWish;
				PRODUCT_NAME = "$(TARGET_NAME)";
				SWIFT_VERSION = 5.0;
				TARGETED_DEVICE_FAMILY = "1,2";
			};
			name = Debug;
		};
		C37EBFFE2517EDF400F9D9C4 /* Release */ = {
			isa = XCBuildConfiguration;
			buildSettings = {
				ASSETCATALOG_COMPILER_APPICON_NAME = AppIcon;
				ASSETCATALOG_COMPILER_GLOBAL_ACCENT_COLOR_NAME = AccentColor;
				CODE_SIGN_STYLE = Automatic;
				DEVELOPMENT_ASSET_PATHS = "\"iWish/Preview Content\"";
				ENABLE_PREVIEWS = YES;
				INFOPLIST_FILE = iWish/Info.plist;
				IPHONEOS_DEPLOYMENT_TARGET = 14.0;
				LD_RUNPATH_SEARCH_PATHS = (
					"$(inherited)",
					"@executable_path/Frameworks",
				);
				PRODUCT_BUNDLE_IDENTIFIER = io.iWish;
				PRODUCT_NAME = "$(TARGET_NAME)";
				SWIFT_VERSION = 5.0;
				TARGETED_DEVICE_FAMILY = "1,2";
			};
			name = Release;
		};
/* End XCBuildConfiguration section */

/* Begin XCConfigurationList section */
		C37EBFE82517EDF200F9D9C4 /* Build configuration list for PBXProject "iWish" */ = {
			isa = XCConfigurationList;
			buildConfigurations = (
				C37EBFFA2517EDF400F9D9C4 /* Debug */,
				C37EBFFB2517EDF400F9D9C4 /* Release */,
			);
			defaultConfigurationIsVisible = 0;
			defaultConfigurationName = Release;
		};
		C37EBFFC2517EDF400F9D9C4 /* Build configuration list for PBXNativeTarget "iWish" */ = {
			isa = XCConfigurationList;
			buildConfigurations = (
				C37EBFFD2517EDF400F9D9C4 /* Debug */,
				C37EBFFE2517EDF400F9D9C4 /* Release */,
			);
			defaultConfigurationIsVisible = 0;
			defaultConfigurationName = Release;
		};
/* End XCConfigurationList section */
	};
	rootObject = C37EBFE52517EDF200F9D9C4 /* Project object */;
}
